// !$*UTF8*$!
{
	archiveVersion = 1;
	classes = {
	};
	objectVersion = 46;
	objects = {

/* Begin PBXBuildFile section */
		044A71B21A9CBA74009E7E68 /* DateView.m in Sources */ = {isa = PBXBuildFile; fileRef = 044A71B11A9CBA74009E7E68 /* DateView.m */; };
		044A71B61A9CBD1B009E7E68 /* DateCell.m in Sources */ = {isa = PBXBuildFile; fileRef = 044A71B41A9CBD1B009E7E68 /* DateCell.m */; };
		044A71B71A9CBD1B009E7E68 /* DateCell.xib in Resources */ = {isa = PBXBuildFile; fileRef = 044A71B51A9CBD1B009E7E68 /* DateCell.xib */; };
		045FC1D41A8CD8100008A488 /* main.m in Sources */ = {isa = PBXBuildFile; fileRef = 045FC1D31A8CD8100008A488 /* main.m */; };
		045FC1D71A8CD8100008A488 /* AppDelegate.m in Sources */ = {isa = PBXBuildFile; fileRef = 045FC1D61A8CD8100008A488 /* AppDelegate.m */; };
		045FC1DA1A8CD8100008A488 /* MainViewController.m in Sources */ = {isa = PBXBuildFile; fileRef = 045FC1D91A8CD8100008A488 /* MainViewController.m */; };
		045FC1DF1A8CD8100008A488 /* Images.xcassets in Resources */ = {isa = PBXBuildFile; fileRef = 045FC1DE1A8CD8100008A488 /* Images.xcassets */; };
		045FC1E21A8CD8100008A488 /* LaunchScreen.xib in Resources */ = {isa = PBXBuildFile; fileRef = 045FC1E01A8CD8100008A488 /* LaunchScreen.xib */; };
		045FC1EE1A8CD8100008A488 /* SportsMatchTests.m in Sources */ = {isa = PBXBuildFile; fileRef = 045FC1ED1A8CD8100008A488 /* SportsMatchTests.m */; };
/* End PBXBuildFile section */

/* Begin PBXContainerItemProxy section */
		045FC1E81A8CD8100008A488 /* PBXContainerItemProxy */ = {
			isa = PBXContainerItemProxy;
			containerPortal = 045FC1C61A8CD8100008A488 /* Project object */;
			proxyType = 1;
			remoteGlobalIDString = 045FC1CD1A8CD8100008A488;
			remoteInfo = SportsMatch;
		};
/* End PBXContainerItemProxy section */

/* Begin PBXFileReference section */
		044A71B01A9CBA74009E7E68 /* DateView.h */ = {isa = PBXFileReference; fileEncoding = 4; lastKnownFileType = sourcecode.c.h; path = DateView.h; sourceTree = "<group>"; };
		044A71B11A9CBA74009E7E68 /* DateView.m */ = {isa = PBXFileReference; fileEncoding = 4; lastKnownFileType = sourcecode.c.objc; path = DateView.m; sourceTree = "<group>"; };
		044A71B31A9CBD1B009E7E68 /* DateCell.h */ = {isa = PBXFileReference; fileEncoding = 4; lastKnownFileType = sourcecode.c.h; path = DateCell.h; sourceTree = "<group>"; };
		044A71B41A9CBD1B009E7E68 /* DateCell.m */ = {isa = PBXFileReference; fileEncoding = 4; lastKnownFileType = sourcecode.c.objc; path = DateCell.m; sourceTree = "<group>"; };
		044A71B51A9CBD1B009E7E68 /* DateCell.xib */ = {isa = PBXFileReference; fileEncoding = 4; lastKnownFileType = file.xib; path = DateCell.xib; sourceTree = "<group>"; };
		045FC1CE1A8CD8100008A488 /* SportsMatch.app */ = {isa = PBXFileReference; explicitFileType = wrapper.application; includeInIndex = 0; path = SportsMatch.app; sourceTree = BUILT_PRODUCTS_DIR; };
		045FC1D21A8CD8100008A488 /* Info.plist */ = {isa = PBXFileReference; lastKnownFileType = text.plist.xml; path = Info.plist; sourceTree = "<group>"; };
		045FC1D31A8CD8100008A488 /* main.m */ = {isa = PBXFileReference; lastKnownFileType = sourcecode.c.objc; path = main.m; sourceTree = "<group>"; };
		045FC1D51A8CD8100008A488 /* AppDelegate.h */ = {isa = PBXFileReference; lastKnownFileType = sourcecode.c.h; path = AppDelegate.h; sourceTree = "<group>"; };
		045FC1D61A8CD8100008A488 /* AppDelegate.m */ = {isa = PBXFileReference; lastKnownFileType = sourcecode.c.objc; path = AppDelegate.m; sourceTree = "<group>"; };
		045FC1D81A8CD8100008A488 /* MainViewController.h */ = {isa = PBXFileReference; lastKnownFileType = sourcecode.c.h; path = MainViewController.h; sourceTree = "<group>"; };
		045FC1D91A8CD8100008A488 /* MainViewController.m */ = {isa = PBXFileReference; lastKnownFileType = sourcecode.c.objc; path = MainViewController.m; sourceTree = "<group>"; };
		045FC1DE1A8CD8100008A488 /* Images.xcassets */ = {isa = PBXFileReference; lastKnownFileType = folder.assetcatalog; path = Images.xcassets; sourceTree = "<group>"; };
		045FC1E11A8CD8100008A488 /* Base */ = {isa = PBXFileReference; lastKnownFileType = file.xib; name = Base; path = Base.lproj/LaunchScreen.xib; sourceTree = "<group>"; };
		045FC1E71A8CD8100008A488 /* SportsMatchTests.xctest */ = {isa = PBXFileReference; explicitFileType = wrapper.cfbundle; includeInIndex = 0; path = SportsMatchTests.xctest; sourceTree = BUILT_PRODUCTS_DIR; };
		045FC1EC1A8CD8100008A488 /* Info.plist */ = {isa = PBXFileReference; lastKnownFileType = text.plist.xml; path = Info.plist; sourceTree = "<group>"; };
		045FC1ED1A8CD8100008A488 /* SportsMatchTests.m */ = {isa = PBXFileReference; lastKnownFileType = sourcecode.c.objc; path = SportsMatchTests.m; sourceTree = "<group>"; };
/* End PBXFileReference section */

/* Begin PBXFrameworksBuildPhase section */
		045FC1CB1A8CD8100008A488 /* Frameworks */ = {
			isa = PBXFrameworksBuildPhase;
			buildActionMask = 2147483647;
			files = (
			);
			runOnlyForDeploymentPostprocessing = 0;
		};
		045FC1E41A8CD8100008A488 /* Frameworks */ = {
			isa = PBXFrameworksBuildPhase;
			buildActionMask = 2147483647;
			files = (
			);
			runOnlyForDeploymentPostprocessing = 0;
		};
/* End PBXFrameworksBuildPhase section */

/* Begin PBXGroup section */
		045FC1C51A8CD8100008A488 = {
			isa = PBXGroup;
			children = (
				045FC1D01A8CD8100008A488 /* SportsMatch */,
				045FC1EA1A8CD8100008A488 /* SportsMatchTests */,
				045FC1CF1A8CD8100008A488 /* Products */,
			);
			sourceTree = "<group>";
		};
		045FC1CF1A8CD8100008A488 /* Products */ = {
			isa = PBXGroup;
			children = (
				045FC1CE1A8CD8100008A488 /* SportsMatch.app */,
				045FC1E71A8CD8100008A488 /* SportsMatchTests.xctest */,
			);
			name = Products;
			sourceTree = "<group>";
		};
		045FC1D01A8CD8100008A488 /* SportsMatch */ = {
			isa = PBXGroup;
			children = (
				045FC1D51A8CD8100008A488 /* AppDelegate.h */,
				045FC1D61A8CD8100008A488 /* AppDelegate.m */,
				045FC1D81A8CD8100008A488 /* MainViewController.h */,
				045FC1D91A8CD8100008A488 /* MainViewController.m */,
				044A71B01A9CBA74009E7E68 /* DateView.h */,
				044A71B11A9CBA74009E7E68 /* DateView.m */,
				044A71B31A9CBD1B009E7E68 /* DateCell.h */,
				044A71B41A9CBD1B009E7E68 /* DateCell.m */,
				044A71B51A9CBD1B009E7E68 /* DateCell.xib */,
				045FC1DE1A8CD8100008A488 /* Images.xcassets */,
				045FC1E01A8CD8100008A488 /* LaunchScreen.xib */,
				045FC1D11A8CD8100008A488 /* Supporting Files */,
			);
			path = SportsMatch;
			sourceTree = "<group>";
		};
		045FC1D11A8CD8100008A488 /* Supporting Files */ = {
			isa = PBXGroup;
			children = (
				045FC1D21A8CD8100008A488 /* Info.plist */,
				045FC1D31A8CD8100008A488 /* main.m */,
			);
			name = "Supporting Files";
			sourceTree = "<group>";
		};
		045FC1EA1A8CD8100008A488 /* SportsMatchTests */ = {
			isa = PBXGroup;
			children = (
				045FC1ED1A8CD8100008A488 /* SportsMatchTests.m */,
				045FC1EB1A8CD8100008A488 /* Supporting Files */,
			);
			path = SportsMatchTests;
			sourceTree = "<group>";
		};
		045FC1EB1A8CD8100008A488 /* Supporting Files */ = {
			isa = PBXGroup;
			children = (
				045FC1EC1A8CD8100008A488 /* Info.plist */,
			);
			name = "Supporting Files";
			sourceTree = "<group>";
		};
/* End PBXGroup section */

/* Begin PBXNativeTarget section */
		045FC1CD1A8CD8100008A488 /* SportsMatch */ = {
			isa = PBXNativeTarget;
			buildConfigurationList = 045FC1F11A8CD8100008A488 /* Build configuration list for PBXNativeTarget "SportsMatch" */;
			buildPhases = (
				045FC1CA1A8CD8100008A488 /* Sources */,
				045FC1CB1A8CD8100008A488 /* Frameworks */,
				045FC1CC1A8CD8100008A488 /* Resources */,
			);
			buildRules = (
			);
			dependencies = (
			);
			name = SportsMatch;
			productName = SportsMatch;
			productReference = 045FC1CE1A8CD8100008A488 /* SportsMatch.app */;
			productType = "com.apple.product-type.application";
		};
		045FC1E61A8CD8100008A488 /* SportsMatchTests */ = {
			isa = PBXNativeTarget;
			buildConfigurationList = 045FC1F41A8CD8100008A488 /* Build configuration list for PBXNativeTarget "SportsMatchTests" */;
			buildPhases = (
				045FC1E31A8CD8100008A488 /* Sources */,
				045FC1E41A8CD8100008A488 /* Frameworks */,
				045FC1E51A8CD8100008A488 /* Resources */,
			);
			buildRules = (
			);
			dependencies = (
				045FC1E91A8CD8100008A488 /* PBXTargetDependency */,
			);
			name = SportsMatchTests;
			productName = SportsMatchTests;
			productReference = 045FC1E71A8CD8100008A488 /* SportsMatchTests.xctest */;
			productType = "com.apple.product-type.bundle.unit-test";
		};
/* End PBXNativeTarget section */

/* Begin PBXProject section */
		045FC1C61A8CD8100008A488 /* Project object */ = {
			isa = PBXProject;
			attributes = {
				LastUpgradeCheck = 0610;
				ORGANIZATIONNAME = wsd;
				TargetAttributes = {
					045FC1CD1A8CD8100008A488 = {
						CreatedOnToolsVersion = 6.1;
					};
					045FC1E61A8CD8100008A488 = {
						CreatedOnToolsVersion = 6.1;
						TestTargetID = 045FC1CD1A8CD8100008A488;
					};
				};
			};
			buildConfigurationList = 045FC1C91A8CD8100008A488 /* Build configuration list for PBXProject "SportsMatch" */;
			compatibilityVersion = "Xcode 3.2";
			developmentRegion = English;
			hasScannedForEncodings = 0;
			knownRegions = (
				en,
				Base,
			);
			mainGroup = 045FC1C51A8CD8100008A488;
			productRefGroup = 045FC1CF1A8CD8100008A488 /* Products */;
			projectDirPath = "";
			projectRoot = "";
			targets = (
				045FC1CD1A8CD8100008A488 /* SportsMatch */,
				045FC1E61A8CD8100008A488 /* SportsMatchTests */,
			);
		};
/* End PBXProject section */

/* Begin PBXResourcesBuildPhase section */
		045FC1CC1A8CD8100008A488 /* Resources */ = {
			isa = PBXResourcesBuildPhase;
			buildActionMask = 2147483647;
			files = (
				044A71B71A9CBD1B009E7E68 /* DateCell.xib in Resources */,
				045FC1E21A8CD8100008A488 /* LaunchScreen.xib in Resources */,
				045FC1DF1A8CD8100008A488 /* Images.xcassets in Resources */,
			);
			runOnlyForDeploymentPostprocessing = 0;
		};
		045FC1E51A8CD8100008A488 /* Resources */ = {
			isa = PBXResourcesBuildPhase;
			buildActionMask = 2147483647;
			files = (
			);
			runOnlyForDeploymentPostprocessing = 0;
		};
/* End PBXResourcesBuildPhase section */

/* Begin PBXSourcesBuildPhase section */
		045FC1CA1A8CD8100008A488 /* Sources */ = {
			isa = PBXSourcesBuildPhase;
			buildActionMask = 2147483647;
			files = (
				045FC1DA1A8CD8100008A488 /* MainViewController.m in Sources */,
				044A71B61A9CBD1B009E7E68 /* DateCell.m in Sources */,
				045FC1D71A8CD8100008A488 /* AppDelegate.m in Sources */,
				044A71B21A9CBA74009E7E68 /* DateView.m in Sources */,
				045FC1D41A8CD8100008A488 /* main.m in Sources */,
			);
			runOnlyForDeploymentPostprocessing = 0;
		};
		045FC1E31A8CD8100008A488 /* Sources */ = {
			isa = PBXSourcesBuildPhase;
			buildActionMask = 2147483647;
			files = (
				045FC1EE1A8CD8100008A488 /* SportsMatchTests.m in Sources */,
			);
			runOnlyForDeploymentPostprocessing = 0;
		};
/* End PBXSourcesBuildPhase section */

/* Begin PBXTargetDependency section */
		045FC1E91A8CD8100008A488 /* PBXTargetDependency */ = {
			isa = PBXTargetDependency;
			target = 045FC1CD1A8CD8100008A488 /* SportsMatch */;
			targetProxy = 045FC1E81A8CD8100008A488 /* PBXContainerItemProxy */;
		};
/* End PBXTargetDependency section */

/* Begin PBXVariantGroup section */
		045FC1E01A8CD8100008A488 /* LaunchScreen.xib */ = {
			isa = PBXVariantGroup;
			children = (
				045FC1E11A8CD8100008A488 /* Base */,
			);
			name = LaunchScreen.xib;
			sourceTree = "<group>";
		};
/* End PBXVariantGroup section */

/* Begin XCBuildConfiguration section */
		045FC1EF1A8CD8100008A488 /* Debug */ = {
			isa = XCBuildConfiguration;
			buildSettings = {
				ALWAYS_SEARCH_USER_PATHS = NO;
				CLANG_CXX_LANGUAGE_STANDARD = "gnu++0x";
				CLANG_CXX_LIBRARY = "libc++";
				CLANG_ENABLE_MODULES = YES;
				CLANG_ENABLE_OBJC_ARC = YES;
				CLANG_WARN_BOOL_CONVERSION = YES;
				CLANG_WARN_CONSTANT_CONVERSION = YES;
				CLANG_WARN_DIRECT_OBJC_ISA_USAGE = YES_ERROR;
				CLANG_WARN_EMPTY_BODY = YES;
				CLANG_WARN_ENUM_CONVERSION = YES;
				CLANG_WARN_INT_CONVERSION = YES;
				CLANG_WARN_OBJC_ROOT_CLASS = YES_ERROR;
				CLANG_WARN_UNREACHABLE_CODE = YES;
				CLANG_WARN__DUPLICATE_METHOD_MATCH = YES;
				"CODE_SIGN_IDENTITY[sdk=iphoneos*]" = "iPhone Developer";
				COPY_PHASE_STRIP = NO;
				ENABLE_STRICT_OBJC_MSGSEND = YES;
				GCC_C_LANGUAGE_STANDARD = gnu99;
				GCC_DYNAMIC_NO_PIC = NO;
				GCC_OPTIMIZATION_LEVEL = 0;
				GCC_PREPROCESSOR_DEFINITIONS = (
					"DEBUG=1",
					"$(inherited)",
				);
				GCC_SYMBOLS_PRIVATE_EXTERN = NO;
				GCC_WARN_64_TO_32_BIT_CONVERSION = YES;
				GCC_WARN_ABOUT_RETURN_TYPE = YES_ERROR;
				GCC_WARN_UNDECLARED_SELECTOR = YES;
				GCC_WARN_UNINITIALIZED_AUTOS = YES_AGGRESSIVE;
				GCC_WARN_UNUSED_FUNCTION = YES;
				GCC_WARN_UNUSED_VARIABLE = YES;
				IPHONEOS_DEPLOYMENT_TARGET = 8.1;
				MTL_ENABLE_DEBUG_INFO = YES;
				ONLY_ACTIVE_ARCH = YES;
				SDKROOT = iphoneos;
			};
			name = Debug;
		};
		045FC1F01A8CD8100008A488 /* Release */ = {
			isa = XCBuildConfiguration;
			buildSettings = {
				ALWAYS_SEARCH_USER_PATHS = NO;
				CLANG_CXX_LANGUAGE_STANDARD = "gnu++0x";
				CLANG_CXX_LIBRARY = "libc++";
				CLANG_ENABLE_MODULES = YES;
				CLANG_ENABLE_OBJC_ARC = YES;
				CLANG_WARN_BOOL_CONVERSION = YES;
				CLANG_WARN_CONSTANT_CONVERSION = YES;
				CLANG_WARN_DIRECT_OBJC_ISA_USAGE = YES_ERROR;
				CLANG_WARN_EMPTY_BODY = YES;
				CLANG_WARN_ENUM_CONVERSION = YES;
				CLANG_WARN_INT_CONVERSION = YES;
				CLANG_WARN_OBJC_ROOT_CLASS = YES_ERROR;
				CLANG_WARN_UNREACHABLE_CODE = YES;
				CLANG_WARN__DUPLICATE_METHOD_MATCH = YES;
				"CODE_SIGN_IDENTITY[sdk=iphoneos*]" = "iPhone Developer";
				COPY_PHASE_STRIP = YES;
				ENABLE_NS_ASSERTIONS = NO;
				ENABLE_STRICT_OBJC_MSGSEND = YES;
				GCC_C_LANGUAGE_STANDARD = gnu99;
				GCC_WARN_64_TO_32_BIT_CONVERSION = YES;
				GCC_WARN_ABOUT_RETURN_TYPE = YES_ERROR;
				GCC_WARN_UNDECLARED_SELECTOR = YES;
				GCC_WARN_UNINITIALIZED_AUTOS = YES_AGGRESSIVE;
				GCC_WARN_UNUSED_FUNCTION = YES;
				GCC_WARN_UNUSED_VARIABLE = YES;
				IPHONEOS_DEPLOYMENT_TARGET = 8.1;
				MTL_ENABLE_DEBUG_INFO = NO;
				SDKROOT = iphoneos;
				VALIDATE_PRODUCT = YES;
			};
			name = Release;
		};
		045FC1F21A8CD8100008A488 /* Debug */ = {
			isa = XCBuildConfiguration;
			buildSettings = {
				ASSETCATALOG_COMPILER_APPICON_NAME = AppIcon;
				INFOPLIST_FILE = SportsMatch/Info.plist;
				LD_RUNPATH_SEARCH_PATHS = "$(inherited) @executable_path/Frameworks";
				PRODUCT_NAME = "$(TARGET_NAME)";
			};
			name = Debug;
		};
		045FC1F31A8CD8100008A488 /* Release */ = {
			isa = XCBuildConfiguration;
			buildSettings = {
				ASSETCATALOG_COMPILER_APPICON_NAME = AppIcon;
				INFOPLIST_FILE = SportsMatch/Info.plist;
				LD_RUNPATH_SEARCH_PATHS = "$(inherited) @executable_path/Frameworks";
				PRODUCT_NAME = "$(TARGET_NAME)";
			};
			name = Release;
		};
		045FC1F51A8CD8100008A488 /* Debug */ = {
			isa = XCBuildConfiguration;
			buildSettings = {
				BUNDLE_LOADER = "$(TEST_HOST)";
				FRAMEWORK_SEARCH_PATHS = (
					"$(SDKROOT)/Developer/Library/Frameworks",
					"$(inherited)",
				);
				GCC_PREPROCESSOR_DEFINITIONS = (
					"DEBUG=1",
					"$(inherited)",
				);
				INFOPLIST_FILE = SportsMatchTests/Info.plist;
				LD_RUNPATH_SEARCH_PATHS = "$(inherited) @executable_path/Frameworks @loader_path/Frameworks";
				PRODUCT_NAME = "$(TARGET_NAME)";
				TEST_HOST = "$(BUILT_PRODUCTS_DIR)/SportsMatch.app/SportsMatch";
			};
			name = Debug;
		};
		045FC1F61A8CD8100008A488 /* Release */ = {
			isa = XCBuildConfiguration;
			buildSettings = {
				BUNDLE_LOADER = "$(TEST_HOST)";
				FRAMEWORK_SEARCH_PATHS = (
					"$(SDKROOT)/Developer/Library/Frameworks",
					"$(inherited)",
				);
				INFOPLIST_FILE = SportsMatchTests/Info.plist;
				LD_RUNPATH_SEARCH_PATHS = "$(inherited) @executable_path/Frameworks @loader_path/Frameworks";
				PRODUCT_NAME = "$(TARGET_NAME)";
				TEST_HOST = "$(BUILT_PRODUCTS_DIR)/SportsMatch.app/SportsMatch";
			};
			name = Release;
		};
/* End XCBuildConfiguration section */

/* Begin XCConfigurationList section */
		045FC1C91A8CD8100008A488 /* Build configuration list for PBXProject "SportsMatch" */ = {
			isa = XCConfigurationList;
			buildConfigurations = (
				045FC1EF1A8CD8100008A488 /* Debug */,
				045FC1F01A8CD8100008A488 /* Release */,
			);
			defaultConfigurationIsVisible = 0;
			defaultConfigurationName = Release;
		};
		045FC1F11A8CD8100008A488 /* Build configuration list for PBXNativeTarget "SportsMatch" */ = {
			isa = XCConfigurationList;
			buildConfigurations = (
				045FC1F21A8CD8100008A488 /* Debug */,
				045FC1F31A8CD8100008A488 /* Release */,
			);
			defaultConfigurationIsVisible = 0;
			defaultConfigurationName = Release;
		};
		045FC1F41A8CD8100008A488 /* Build configuration list for PBXNativeTarget "SportsMatchTests" */ = {
			isa = XCConfigurationList;
			buildConfigurations = (
				045FC1F51A8CD8100008A488 /* Debug */,
				045FC1F61A8CD8100008A488 /* Release */,
			);
			defaultConfigurationIsVisible = 0;
			defaultConfigurationName = Release;
		};
/* End XCConfigurationList section */
	};
	rootObject = 045FC1C61A8CD8100008A488 /* Project object */;
}
